// !$*UTF8*$!
{
	archiveVersion = 1;
	classes = {
	};
	objectVersion = 52;
	objects = {

/* Begin PBXBuildFile section */
		8B0F4A36264B1720006E6807 /* joesApp.swift in Sources */ = {isa = PBXBuildFile; fileRef = 8B0F4A35264B1720006E6807 /* joesApp.swift */; };
		8B0F4A38264B1720006E6807 /* ContentView.swift in Sources */ = {isa = PBXBuildFile; fileRef = 8B0F4A37264B1720006E6807 /* ContentView.swift */; };
		8B0F4A3A264B1722006E6807 /* Assets.xcassets in Resources */ = {isa = PBXBuildFile; fileRef = 8B0F4A39264B1722006E6807 /* Assets.xcassets */; };
		8B0F4A3D264B1722006E6807 /* Preview Assets.xcassets in Resources */ = {isa = PBXBuildFile; fileRef = 8B0F4A3C264B1722006E6807 /* Preview Assets.xcassets */; };
		8B0F4A48264B1722006E6807 /* joesTests.swift in Sources */ = {isa = PBXBuildFile; fileRef = 8B0F4A47264B1722006E6807 /* joesTests.swift */; };
		8B0F4A53264B1722006E6807 /* joesUITests.swift in Sources */ = {isa = PBXBuildFile; fileRef = 8B0F4A52264B1722006E6807 /* joesUITests.swift */; };
		8B0F4A58264B1722006E6807 /* joes WatchKit App.app in Embed Watch Content */ = {isa = PBXBuildFile; fileRef = 8B0F4A57264B1722006E6807 /* joes WatchKit App.app */; settings = {ATTRIBUTES = (RemoveHeadersOnCopy, ); }; };
		8B0F4A5D264B1723006E6807 /* Assets.xcassets in Resources */ = {isa = PBXBuildFile; fileRef = 8B0F4A5C264B1723006E6807 /* Assets.xcassets */; };
		8B0F4A64264B1723006E6807 /* joes WatchKit Extension.appex in Embed App Extensions */ = {isa = PBXBuildFile; fileRef = 8B0F4A63264B1723006E6807 /* joes WatchKit Extension.appex */; settings = {ATTRIBUTES = (RemoveHeadersOnCopy, ); }; };
		8B0F4A69264B1723006E6807 /* joesApp.swift in Sources */ = {isa = PBXBuildFile; fileRef = 8B0F4A68264B1723006E6807 /* joesApp.swift */; };
		8B0F4A6B264B1723006E6807 /* ContentView.swift in Sources */ = {isa = PBXBuildFile; fileRef = 8B0F4A6A264B1723006E6807 /* ContentView.swift */; };
		8B0F4A6D264B1723006E6807 /* NotificationController.swift in Sources */ = {isa = PBXBuildFile; fileRef = 8B0F4A6C264B1723006E6807 /* NotificationController.swift */; };
		8B0F4A6F264B1723006E6807 /* NotificationView.swift in Sources */ = {isa = PBXBuildFile; fileRef = 8B0F4A6E264B1723006E6807 /* NotificationView.swift */; };
		8B0F4A71264B1723006E6807 /* ComplicationController.swift in Sources */ = {isa = PBXBuildFile; fileRef = 8B0F4A70264B1723006E6807 /* ComplicationController.swift */; };
		8B0F4A73264B1724006E6807 /* Assets.xcassets in Resources */ = {isa = PBXBuildFile; fileRef = 8B0F4A72264B1724006E6807 /* Assets.xcassets */; };
		8B0F4A76264B1724006E6807 /* Preview Assets.xcassets in Resources */ = {isa = PBXBuildFile; fileRef = 8B0F4A75264B1724006E6807 /* Preview Assets.xcassets */; };
		8B0F4A82264B1724006E6807 /* joes_WatchKit_AppTests.swift in Sources */ = {isa = PBXBuildFile; fileRef = 8B0F4A81264B1724006E6807 /* joes_WatchKit_AppTests.swift */; };
		8B0F4A8D264B1724006E6807 /* joes_WatchKit_AppUITests.swift in Sources */ = {isa = PBXBuildFile; fileRef = 8B0F4A8C264B1724006E6807 /* joes_WatchKit_AppUITests.swift */; };
		8BDD6397264BE63300249855 /* ReSwift in Frameworks */ = {isa = PBXBuildFile; productRef = 8BDD6396264BE63300249855 /* ReSwift */; };
		8BDD63A5264BE78B00249855 /* RxSwift in Frameworks */ = {isa = PBXBuildFile; productRef = 8BDD63A4264BE78B00249855 /* RxSwift */; };
		8BDD63A7264BE78B00249855 /* RxRelay in Frameworks */ = {isa = PBXBuildFile; productRef = 8BDD63A6264BE78B00249855 /* RxRelay */; };
		8BDD63A9264BE78B00249855 /* RxCocoa in Frameworks */ = {isa = PBXBuildFile; productRef = 8BDD63A8264BE78B00249855 /* RxCocoa */; };
		8BDD63AB264BE78B00249855 /* RxBlocking in Frameworks */ = {isa = PBXBuildFile; productRef = 8BDD63AA264BE78B00249855 /* RxBlocking */; };
		8BDD63AD264C413300249855 /* MapView.swift in Sources */ = {isa = PBXBuildFile; fileRef = 8BDD63AC264C413300249855 /* MapView.swift */; };
		8BDD63AF264C41DD00249855 /* SettingsView.swift in Sources */ = {isa = PBXBuildFile; fileRef = 8BDD63AE264C41DD00249855 /* SettingsView.swift */; };
		8BDD63B1264C4D0700249855 /* DataView.swift in Sources */ = {isa = PBXBuildFile; fileRef = 8BDD63B0264C4D0700249855 /* DataView.swift */; };
		8BDD63B5264D000D00249855 /* AppState.swift in Sources */ = {isa = PBXBuildFile; fileRef = 8BDD63B4264D000D00249855 /* AppState.swift */; };
		8BDD63B9264D016200249855 /* AppReducer.swift in Sources */ = {isa = PBXBuildFile; fileRef = 8BDD63B8264D016200249855 /* AppReducer.swift */; };
		8BDD63BC264D01AC00249855 /* AppActions.swift in Sources */ = {isa = PBXBuildFile; fileRef = 8BDD63BB264D01AC00249855 /* AppActions.swift */; };
		8BDD63C2264D0BC400249855 /* Coordinator.swift in Sources */ = {isa = PBXBuildFile; fileRef = 8BDD63C1264D0BC400249855 /* Coordinator.swift */; };
		8BDD63CB264D238300249855 /* LocationState.swift in Sources */ = {isa = PBXBuildFile; fileRef = 8BDD63CA264D238300249855 /* LocationState.swift */; };
		8BDD63CD264D256500249855 /* LocationActions.swift in Sources */ = {isa = PBXBuildFile; fileRef = 8BDD63CC264D256500249855 /* LocationActions.swift */; };
		8BDD63D1264D264000249855 /* LocationReducer.swift in Sources */ = {isa = PBXBuildFile; fileRef = 8BDD63D0264D264000249855 /* LocationReducer.swift */; };
/* End PBXBuildFile section */

/* Begin PBXContainerItemProxy section */
		8B0F4A44264B1722006E6807 /* PBXContainerItemProxy */ = {
			isa = PBXContainerItemProxy;
			containerPortal = 8B0F4A2A264B1720006E6807 /* Project object */;
			proxyType = 1;
			remoteGlobalIDString = 8B0F4A31264B1720006E6807;
			remoteInfo = joes;
		};
		8B0F4A4F264B1722006E6807 /* PBXContainerItemProxy */ = {
			isa = PBXContainerItemProxy;
			containerPortal = 8B0F4A2A264B1720006E6807 /* Project object */;
			proxyType = 1;
			remoteGlobalIDString = 8B0F4A31264B1720006E6807;
			remoteInfo = joes;
		};
		8B0F4A59264B1722006E6807 /* PBXContainerItemProxy */ = {
			isa = PBXContainerItemProxy;
			containerPortal = 8B0F4A2A264B1720006E6807 /* Project object */;
			proxyType = 1;
			remoteGlobalIDString = 8B0F4A56264B1722006E6807;
			remoteInfo = "joes WatchKit App";
		};
		8B0F4A65264B1723006E6807 /* PBXContainerItemProxy */ = {
			isa = PBXContainerItemProxy;
			containerPortal = 8B0F4A2A264B1720006E6807 /* Project object */;
			proxyType = 1;
			remoteGlobalIDString = 8B0F4A62264B1723006E6807;
			remoteInfo = "joes WatchKit Extension";
		};
		8B0F4A7E264B1724006E6807 /* PBXContainerItemProxy */ = {
			isa = PBXContainerItemProxy;
			containerPortal = 8B0F4A2A264B1720006E6807 /* Project object */;
			proxyType = 1;
			remoteGlobalIDString = 8B0F4A62264B1723006E6807;
			remoteInfo = "joes WatchKit Extension";
		};
		8B0F4A89264B1724006E6807 /* PBXContainerItemProxy */ = {
			isa = PBXContainerItemProxy;
			containerPortal = 8B0F4A2A264B1720006E6807 /* Project object */;
			proxyType = 1;
			remoteGlobalIDString = 8B0F4A56264B1722006E6807;
			remoteInfo = "joes WatchKit App";
		};
/* End PBXContainerItemProxy section */

/* Begin PBXCopyFilesBuildPhase section */
		8B0F4A94264B1724006E6807 /* Embed App Extensions */ = {
			isa = PBXCopyFilesBuildPhase;
			buildActionMask = 2147483647;
			dstPath = "";
			dstSubfolderSpec = 13;
			files = (
				8B0F4A64264B1723006E6807 /* joes WatchKit Extension.appex in Embed App Extensions */,
			);
			name = "Embed App Extensions";
			runOnlyForDeploymentPostprocessing = 0;
		};
		8B0F4A98264B1724006E6807 /* Embed Watch Content */ = {
			isa = PBXCopyFilesBuildPhase;
			buildActionMask = 2147483647;
			dstPath = "$(CONTENTS_FOLDER_PATH)/Watch";
			dstSubfolderSpec = 16;
			files = (
				8B0F4A58264B1722006E6807 /* joes WatchKit App.app in Embed Watch Content */,
			);
			name = "Embed Watch Content";
			runOnlyForDeploymentPostprocessing = 0;
		};
/* End PBXCopyFilesBuildPhase section */

/* Begin PBXFileReference section */
		8B0F4A32264B1720006E6807 /* joes.app */ = {isa = PBXFileReference; explicitFileType = wrapper.application; includeInIndex = 0; path = joes.app; sourceTree = BUILT_PRODUCTS_DIR; };
		8B0F4A35264B1720006E6807 /* joesApp.swift */ = {isa = PBXFileReference; lastKnownFileType = sourcecode.swift; path = joesApp.swift; sourceTree = "<group>"; };
		8B0F4A37264B1720006E6807 /* ContentView.swift */ = {isa = PBXFileReference; lastKnownFileType = sourcecode.swift; path = ContentView.swift; sourceTree = "<group>"; };
		8B0F4A39264B1722006E6807 /* Assets.xcassets */ = {isa = PBXFileReference; lastKnownFileType = folder.assetcatalog; path = Assets.xcassets; sourceTree = "<group>"; };
		8B0F4A3C264B1722006E6807 /* Preview Assets.xcassets */ = {isa = PBXFileReference; lastKnownFileType = folder.assetcatalog; path = "Preview Assets.xcassets"; sourceTree = "<group>"; };
		8B0F4A3E264B1722006E6807 /* Info.plist */ = {isa = PBXFileReference; lastKnownFileType = text.plist.xml; path = Info.plist; sourceTree = "<group>"; };
		8B0F4A43264B1722006E6807 /* joesTests.xctest */ = {isa = PBXFileReference; explicitFileType = wrapper.cfbundle; includeInIndex = 0; path = joesTests.xctest; sourceTree = BUILT_PRODUCTS_DIR; };
		8B0F4A47264B1722006E6807 /* joesTests.swift */ = {isa = PBXFileReference; lastKnownFileType = sourcecode.swift; path = joesTests.swift; sourceTree = "<group>"; };
		8B0F4A49264B1722006E6807 /* Info.plist */ = {isa = PBXFileReference; lastKnownFileType = text.plist.xml; path = Info.plist; sourceTree = "<group>"; };
		8B0F4A4E264B1722006E6807 /* joesUITests.xctest */ = {isa = PBXFileReference; explicitFileType = wrapper.cfbundle; includeInIndex = 0; path = joesUITests.xctest; sourceTree = BUILT_PRODUCTS_DIR; };
		8B0F4A52264B1722006E6807 /* joesUITests.swift */ = {isa = PBXFileReference; lastKnownFileType = sourcecode.swift; path = joesUITests.swift; sourceTree = "<group>"; };
		8B0F4A54264B1722006E6807 /* Info.plist */ = {isa = PBXFileReference; lastKnownFileType = text.plist.xml; path = Info.plist; sourceTree = "<group>"; };
		8B0F4A57264B1722006E6807 /* joes WatchKit App.app */ = {isa = PBXFileReference; explicitFileType = wrapper.application; includeInIndex = 0; path = "joes WatchKit App.app"; sourceTree = BUILT_PRODUCTS_DIR; };
		8B0F4A5C264B1723006E6807 /* Assets.xcassets */ = {isa = PBXFileReference; lastKnownFileType = folder.assetcatalog; path = Assets.xcassets; sourceTree = "<group>"; };
		8B0F4A5E264B1723006E6807 /* Info.plist */ = {isa = PBXFileReference; lastKnownFileType = text.plist.xml; path = Info.plist; sourceTree = "<group>"; };
		8B0F4A63264B1723006E6807 /* joes WatchKit Extension.appex */ = {isa = PBXFileReference; explicitFileType = "wrapper.app-extension"; includeInIndex = 0; path = "joes WatchKit Extension.appex"; sourceTree = BUILT_PRODUCTS_DIR; };
		8B0F4A68264B1723006E6807 /* joesApp.swift */ = {isa = PBXFileReference; lastKnownFileType = sourcecode.swift; path = joesApp.swift; sourceTree = "<group>"; };
		8B0F4A6A264B1723006E6807 /* ContentView.swift */ = {isa = PBXFileReference; lastKnownFileType = sourcecode.swift; path = ContentView.swift; sourceTree = "<group>"; };
		8B0F4A6C264B1723006E6807 /* NotificationController.swift */ = {isa = PBXFileReference; lastKnownFileType = sourcecode.swift; path = NotificationController.swift; sourceTree = "<group>"; };
		8B0F4A6E264B1723006E6807 /* NotificationView.swift */ = {isa = PBXFileReference; lastKnownFileType = sourcecode.swift; path = NotificationView.swift; sourceTree = "<group>"; };
		8B0F4A70264B1723006E6807 /* ComplicationController.swift */ = {isa = PBXFileReference; lastKnownFileType = sourcecode.swift; path = ComplicationController.swift; sourceTree = "<group>"; };
		8B0F4A72264B1724006E6807 /* Assets.xcassets */ = {isa = PBXFileReference; lastKnownFileType = folder.assetcatalog; path = Assets.xcassets; sourceTree = "<group>"; };
		8B0F4A75264B1724006E6807 /* Preview Assets.xcassets */ = {isa = PBXFileReference; lastKnownFileType = folder.assetcatalog; path = "Preview Assets.xcassets"; sourceTree = "<group>"; };
		8B0F4A77264B1724006E6807 /* Info.plist */ = {isa = PBXFileReference; lastKnownFileType = text.plist.xml; path = Info.plist; sourceTree = "<group>"; };
		8B0F4A78264B1724006E6807 /* PushNotificationPayload.apns */ = {isa = PBXFileReference; lastKnownFileType = text; path = PushNotificationPayload.apns; sourceTree = "<group>"; };
		8B0F4A7D264B1724006E6807 /* joes WatchKit AppTests.xctest */ = {isa = PBXFileReference; explicitFileType = wrapper.cfbundle; includeInIndex = 0; path = "joes WatchKit AppTests.xctest"; sourceTree = BUILT_PRODUCTS_DIR; };
		8B0F4A81264B1724006E6807 /* joes_WatchKit_AppTests.swift */ = {isa = PBXFileReference; lastKnownFileType = sourcecode.swift; path = joes_WatchKit_AppTests.swift; sourceTree = "<group>"; };
		8B0F4A83264B1724006E6807 /* Info.plist */ = {isa = PBXFileReference; lastKnownFileType = text.plist.xml; path = Info.plist; sourceTree = "<group>"; };
		8B0F4A88264B1724006E6807 /* joes WatchKit AppUITests.xctest */ = {isa = PBXFileReference; explicitFileType = wrapper.cfbundle; includeInIndex = 0; path = "joes WatchKit AppUITests.xctest"; sourceTree = BUILT_PRODUCTS_DIR; };
		8B0F4A8C264B1724006E6807 /* joes_WatchKit_AppUITests.swift */ = {isa = PBXFileReference; lastKnownFileType = sourcecode.swift; path = joes_WatchKit_AppUITests.swift; sourceTree = "<group>"; };
		8B0F4A8E264B1724006E6807 /* Info.plist */ = {isa = PBXFileReference; lastKnownFileType = text.plist.xml; path = Info.plist; sourceTree = "<group>"; };
		8BDD63AC264C413300249855 /* MapView.swift */ = {isa = PBXFileReference; lastKnownFileType = sourcecode.swift; path = MapView.swift; sourceTree = "<group>"; };
		8BDD63AE264C41DD00249855 /* SettingsView.swift */ = {isa = PBXFileReference; lastKnownFileType = sourcecode.swift; path = SettingsView.swift; sourceTree = "<group>"; };
		8BDD63B0264C4D0700249855 /* DataView.swift */ = {isa = PBXFileReference; lastKnownFileType = sourcecode.swift; path = DataView.swift; sourceTree = "<group>"; };
		8BDD63B4264D000D00249855 /* AppState.swift */ = {isa = PBXFileReference; lastKnownFileType = sourcecode.swift; path = AppState.swift; sourceTree = "<group>"; };
		8BDD63B8264D016200249855 /* AppReducer.swift */ = {isa = PBXFileReference; lastKnownFileType = sourcecode.swift; path = AppReducer.swift; sourceTree = "<group>"; };
		8BDD63BB264D01AC00249855 /* AppActions.swift */ = {isa = PBXFileReference; lastKnownFileType = sourcecode.swift; path = AppActions.swift; sourceTree = "<group>"; };
		8BDD63C1264D0BC400249855 /* Coordinator.swift */ = {isa = PBXFileReference; lastKnownFileType = sourcecode.swift; path = Coordinator.swift; sourceTree = "<group>"; };
		8BDD63CA264D238300249855 /* LocationState.swift */ = {isa = PBXFileReference; lastKnownFileType = sourcecode.swift; path = LocationState.swift; sourceTree = "<group>"; };
		8BDD63CC264D256500249855 /* LocationActions.swift */ = {isa = PBXFileReference; lastKnownFileType = sourcecode.swift; path = LocationActions.swift; sourceTree = "<group>"; };
		8BDD63D0264D264000249855 /* LocationReducer.swift */ = {isa = PBXFileReference; lastKnownFileType = sourcecode.swift; path = LocationReducer.swift; sourceTree = "<group>"; };
/* End PBXFileReference section */

/* Begin PBXFrameworksBuildPhase section */
		8B0F4A2F264B1720006E6807 /* Frameworks */ = {
			isa = PBXFrameworksBuildPhase;
			buildActionMask = 2147483647;
			files = (
				8BDD63A7264BE78B00249855 /* RxRelay in Frameworks */,
				8BDD63A5264BE78B00249855 /* RxSwift in Frameworks */,
				8BDD63A9264BE78B00249855 /* RxCocoa in Frameworks */,
				8BDD6397264BE63300249855 /* ReSwift in Frameworks */,
				8BDD63AB264BE78B00249855 /* RxBlocking in Frameworks */,
			);
			runOnlyForDeploymentPostprocessing = 0;
		};
		8B0F4A40264B1722006E6807 /* Frameworks */ = {
			isa = PBXFrameworksBuildPhase;
			buildActionMask = 2147483647;
			files = (
			);
			runOnlyForDeploymentPostprocessing = 0;
		};
		8B0F4A4B264B1722006E6807 /* Frameworks */ = {
			isa = PBXFrameworksBuildPhase;
			buildActionMask = 2147483647;
			files = (
			);
			runOnlyForDeploymentPostprocessing = 0;
		};
		8B0F4A60264B1723006E6807 /* Frameworks */ = {
			isa = PBXFrameworksBuildPhase;
			buildActionMask = 2147483647;
			files = (
			);
			runOnlyForDeploymentPostprocessing = 0;
		};
		8B0F4A7A264B1724006E6807 /* Frameworks */ = {
			isa = PBXFrameworksBuildPhase;
			buildActionMask = 2147483647;
			files = (
			);
			runOnlyForDeploymentPostprocessing = 0;
		};
		8B0F4A85264B1724006E6807 /* Frameworks */ = {
			isa = PBXFrameworksBuildPhase;
			buildActionMask = 2147483647;
			files = (
			);
			runOnlyForDeploymentPostprocessing = 0;
		};
/* End PBXFrameworksBuildPhase section */

/* Begin PBXGroup section */
		8B0F4A29264B1720006E6807 = {
			isa = PBXGroup;
			children = (
				8B0F4A34264B1720006E6807 /* joes */,
				8B0F4A46264B1722006E6807 /* joesTests */,
				8B0F4A51264B1722006E6807 /* joesUITests */,
				8B0F4A5B264B1722006E6807 /* joes WatchKit App */,
				8B0F4A67264B1723006E6807 /* joes WatchKit Extension */,
				8B0F4A80264B1724006E6807 /* joes WatchKit AppTests */,
				8B0F4A8B264B1724006E6807 /* joes WatchKit AppUITests */,
				8B0F4A33264B1720006E6807 /* Products */,
			);
			sourceTree = "<group>";
		};
		8B0F4A33264B1720006E6807 /* Products */ = {
			isa = PBXGroup;
			children = (
				8B0F4A32264B1720006E6807 /* joes.app */,
				8B0F4A43264B1722006E6807 /* joesTests.xctest */,
				8B0F4A4E264B1722006E6807 /* joesUITests.xctest */,
				8B0F4A57264B1722006E6807 /* joes WatchKit App.app */,
				8B0F4A63264B1723006E6807 /* joes WatchKit Extension.appex */,
				8B0F4A7D264B1724006E6807 /* joes WatchKit AppTests.xctest */,
				8B0F4A88264B1724006E6807 /* joes WatchKit AppUITests.xctest */,
			);
			name = Products;
			sourceTree = "<group>";
		};
		8B0F4A34264B1720006E6807 /* joes */ = {
			isa = PBXGroup;
			children = (
				8BDD63BA264D019B00249855 /* Actions */,
				8BDD63B7264D013B00249855 /* Reducers */,
				8BDD63B6264D00EB00249855 /* State */,
				8BDD63BD264D0A5000249855 /* Views */,
				8B0F4A39264B1722006E6807 /* Assets.xcassets */,
				8B0F4A35264B1720006E6807 /* joesApp.swift */,
				8B0F4A37264B1720006E6807 /* ContentView.swift */,
				8B0F4A3E264B1722006E6807 /* Info.plist */,
				8B0F4A3B264B1722006E6807 /* Preview Content */,
			);
			path = joes;
			sourceTree = "<group>";
		};
		8B0F4A3B264B1722006E6807 /* Preview Content */ = {
			isa = PBXGroup;
			children = (
				8B0F4A3C264B1722006E6807 /* Preview Assets.xcassets */,
			);
			path = "Preview Content";
			sourceTree = "<group>";
		};
		8B0F4A46264B1722006E6807 /* joesTests */ = {
			isa = PBXGroup;
			children = (
				8B0F4A47264B1722006E6807 /* joesTests.swift */,
				8B0F4A49264B1722006E6807 /* Info.plist */,
			);
			path = joesTests;
			sourceTree = "<group>";
		};
		8B0F4A51264B1722006E6807 /* joesUITests */ = {
			isa = PBXGroup;
			children = (
				8B0F4A52264B1722006E6807 /* joesUITests.swift */,
				8B0F4A54264B1722006E6807 /* Info.plist */,
			);
			path = joesUITests;
			sourceTree = "<group>";
		};
		8B0F4A5B264B1722006E6807 /* joes WatchKit App */ = {
			isa = PBXGroup;
			children = (
				8B0F4A5C264B1723006E6807 /* Assets.xcassets */,
				8B0F4A5E264B1723006E6807 /* Info.plist */,
			);
			path = "joes WatchKit App";
			sourceTree = "<group>";
		};
		8B0F4A67264B1723006E6807 /* joes WatchKit Extension */ = {
			isa = PBXGroup;
			children = (
				8B0F4A68264B1723006E6807 /* joesApp.swift */,
				8B0F4A6A264B1723006E6807 /* ContentView.swift */,
				8B0F4A6C264B1723006E6807 /* NotificationController.swift */,
				8B0F4A6E264B1723006E6807 /* NotificationView.swift */,
				8B0F4A70264B1723006E6807 /* ComplicationController.swift */,
				8B0F4A72264B1724006E6807 /* Assets.xcassets */,
				8B0F4A77264B1724006E6807 /* Info.plist */,
				8B0F4A78264B1724006E6807 /* PushNotificationPayload.apns */,
				8B0F4A74264B1724006E6807 /* Preview Content */,
			);
			path = "joes WatchKit Extension";
			sourceTree = "<group>";
		};
		8B0F4A74264B1724006E6807 /* Preview Content */ = {
			isa = PBXGroup;
			children = (
				8B0F4A75264B1724006E6807 /* Preview Assets.xcassets */,
			);
			path = "Preview Content";
			sourceTree = "<group>";
		};
		8B0F4A80264B1724006E6807 /* joes WatchKit AppTests */ = {
			isa = PBXGroup;
			children = (
				8B0F4A81264B1724006E6807 /* joes_WatchKit_AppTests.swift */,
				8B0F4A83264B1724006E6807 /* Info.plist */,
			);
			path = "joes WatchKit AppTests";
			sourceTree = "<group>";
		};
		8B0F4A8B264B1724006E6807 /* joes WatchKit AppUITests */ = {
			isa = PBXGroup;
			children = (
				8B0F4A8C264B1724006E6807 /* joes_WatchKit_AppUITests.swift */,
				8B0F4A8E264B1724006E6807 /* Info.plist */,
			);
			path = "joes WatchKit AppUITests";
			sourceTree = "<group>";
		};
		8BDD63B6264D00EB00249855 /* State */ = {
			isa = PBXGroup;
			children = (
				8BDD63B4264D000D00249855 /* AppState.swift */,
				8BDD63CA264D238300249855 /* LocationState.swift */,
			);
			path = State;
			sourceTree = "<group>";
		};
		8BDD63B7264D013B00249855 /* Reducers */ = {
			isa = PBXGroup;
			children = (
				8BDD63B8264D016200249855 /* AppReducer.swift */,
				8BDD63D0264D264000249855 /* LocationReducer.swift */,
			);
			path = Reducers;
			sourceTree = "<group>";
		};
		8BDD63BA264D019B00249855 /* Actions */ = {
			isa = PBXGroup;
			children = (
				8BDD63BB264D01AC00249855 /* AppActions.swift */,
				8BDD63CC264D256500249855 /* LocationActions.swift */,
			);
			path = Actions;
			sourceTree = "<group>";
		};
		8BDD63BD264D0A5000249855 /* Views */ = {
			isa = PBXGroup;
			children = (
				8BDD63C0264D0AA100249855 /* Settings */,
				8BDD63BF264D0A9300249855 /* Data */,
				8BDD63BE264D0A6500249855 /* Map */,
			);
			path = Views;
			sourceTree = "<group>";
		};
		8BDD63BE264D0A6500249855 /* Map */ = {
			isa = PBXGroup;
			children = (
				8BDD63C1264D0BC400249855 /* Coordinator.swift */,
				8BDD63AC264C413300249855 /* MapView.swift */,
			);
			path = Map;
			sourceTree = "<group>";
		};
		8BDD63BF264D0A9300249855 /* Data */ = {
			isa = PBXGroup;
			children = (
				8BDD63B0264C4D0700249855 /* DataView.swift */,
			);
			path = Data;
			sourceTree = "<group>";
		};
		8BDD63C0264D0AA100249855 /* Settings */ = {
			isa = PBXGroup;
			children = (
				8BDD63AE264C41DD00249855 /* SettingsView.swift */,
			);
			path = Settings;
			sourceTree = "<group>";
		};
/* End PBXGroup section */

/* Begin PBXNativeTarget section */
		8B0F4A31264B1720006E6807 /* joes */ = {
			isa = PBXNativeTarget;
			buildConfigurationList = 8B0F4A99264B1724006E6807 /* Build configuration list for PBXNativeTarget "joes" */;
			buildPhases = (
				8B0F4A2E264B1720006E6807 /* Sources */,
				8B0F4A2F264B1720006E6807 /* Frameworks */,
				8B0F4A30264B1720006E6807 /* Resources */,
				8B0F4A98264B1724006E6807 /* Embed Watch Content */,
			);
			buildRules = (
			);
			dependencies = (
				8B0F4A5A264B1722006E6807 /* PBXTargetDependency */,
			);
			name = joes;
			packageProductDependencies = (
				8BDD6396264BE63300249855 /* ReSwift */,
				8BDD63A4264BE78B00249855 /* RxSwift */,
				8BDD63A6264BE78B00249855 /* RxRelay */,
				8BDD63A8264BE78B00249855 /* RxCocoa */,
				8BDD63AA264BE78B00249855 /* RxBlocking */,
			);
			productName = joes;
			productReference = 8B0F4A32264B1720006E6807 /* joes.app */;
			productType = "com.apple.product-type.application";
		};
		8B0F4A42264B1722006E6807 /* joesTests */ = {
			isa = PBXNativeTarget;
			buildConfigurationList = 8B0F4A9C264B1724006E6807 /* Build configuration list for PBXNativeTarget "joesTests" */;
			buildPhases = (
				8B0F4A3F264B1722006E6807 /* Sources */,
				8B0F4A40264B1722006E6807 /* Frameworks */,
				8B0F4A41264B1722006E6807 /* Resources */,
			);
			buildRules = (
			);
			dependencies = (
				8B0F4A45264B1722006E6807 /* PBXTargetDependency */,
			);
			name = joesTests;
			productName = joesTests;
			productReference = 8B0F4A43264B1722006E6807 /* joesTests.xctest */;
			productType = "com.apple.product-type.bundle.unit-test";
		};
		8B0F4A4D264B1722006E6807 /* joesUITests */ = {
			isa = PBXNativeTarget;
			buildConfigurationList = 8B0F4A9F264B1724006E6807 /* Build configuration list for PBXNativeTarget "joesUITests" */;
			buildPhases = (
				8B0F4A4A264B1722006E6807 /* Sources */,
				8B0F4A4B264B1722006E6807 /* Frameworks */,
				8B0F4A4C264B1722006E6807 /* Resources */,
			);
			buildRules = (
			);
			dependencies = (
				8B0F4A50264B1722006E6807 /* PBXTargetDependency */,
			);
			name = joesUITests;
			productName = joesUITests;
			productReference = 8B0F4A4E264B1722006E6807 /* joesUITests.xctest */;
			productType = "com.apple.product-type.bundle.ui-testing";
		};
		8B0F4A56264B1722006E6807 /* joes WatchKit App */ = {
			isa = PBXNativeTarget;
			buildConfigurationList = 8B0F4A95264B1724006E6807 /* Build configuration list for PBXNativeTarget "joes WatchKit App" */;
			buildPhases = (
				8B0F4A55264B1722006E6807 /* Resources */,
				8B0F4A94264B1724006E6807 /* Embed App Extensions */,
			);
			buildRules = (
			);
			dependencies = (
				8B0F4A66264B1723006E6807 /* PBXTargetDependency */,
			);
			name = "joes WatchKit App";
			productName = "joes WatchKit App";
			productReference = 8B0F4A57264B1722006E6807 /* joes WatchKit App.app */;
			productType = "com.apple.product-type.application.watchapp2";
		};
		8B0F4A62264B1723006E6807 /* joes WatchKit Extension */ = {
			isa = PBXNativeTarget;
			buildConfigurationList = 8B0F4A91264B1724006E6807 /* Build configuration list for PBXNativeTarget "joes WatchKit Extension" */;
			buildPhases = (
				8B0F4A5F264B1723006E6807 /* Sources */,
				8B0F4A60264B1723006E6807 /* Frameworks */,
				8B0F4A61264B1723006E6807 /* Resources */,
			);
			buildRules = (
			);
			dependencies = (
			);
			name = "joes WatchKit Extension";
			productName = "joes WatchKit Extension";
			productReference = 8B0F4A63264B1723006E6807 /* joes WatchKit Extension.appex */;
			productType = "com.apple.product-type.watchkit2-extension";
		};
		8B0F4A7C264B1724006E6807 /* joes WatchKit AppTests */ = {
			isa = PBXNativeTarget;
			buildConfigurationList = 8B0F4AA2264B1724006E6807 /* Build configuration list for PBXNativeTarget "joes WatchKit AppTests" */;
			buildPhases = (
				8B0F4A79264B1724006E6807 /* Sources */,
				8B0F4A7A264B1724006E6807 /* Frameworks */,
				8B0F4A7B264B1724006E6807 /* Resources */,
			);
			buildRules = (
			);
			dependencies = (
				8B0F4A7F264B1724006E6807 /* PBXTargetDependency */,
			);
			name = "joes WatchKit AppTests";
			productName = "joes WatchKit AppTests";
			productReference = 8B0F4A7D264B1724006E6807 /* joes WatchKit AppTests.xctest */;
			productType = "com.apple.product-type.bundle.unit-test";
		};
		8B0F4A87264B1724006E6807 /* joes WatchKit AppUITests */ = {
			isa = PBXNativeTarget;
			buildConfigurationList = 8B0F4AA5264B1724006E6807 /* Build configuration list for PBXNativeTarget "joes WatchKit AppUITests" */;
			buildPhases = (
				8B0F4A84264B1724006E6807 /* Sources */,
				8B0F4A85264B1724006E6807 /* Frameworks */,
				8B0F4A86264B1724006E6807 /* Resources */,
			);
			buildRules = (
			);
			dependencies = (
				8B0F4A8A264B1724006E6807 /* PBXTargetDependency */,
			);
			name = "joes WatchKit AppUITests";
			productName = "joes WatchKit AppUITests";
			productReference = 8B0F4A88264B1724006E6807 /* joes WatchKit AppUITests.xctest */;
			productType = "com.apple.product-type.bundle.ui-testing";
		};
/* End PBXNativeTarget section */

/* Begin PBXProject section */
		8B0F4A2A264B1720006E6807 /* Project object */ = {
			isa = PBXProject;
			attributes = {
				LastSwiftUpdateCheck = 1250;
				LastUpgradeCheck = 1250;
				TargetAttributes = {
					8B0F4A31264B1720006E6807 = {
						CreatedOnToolsVersion = 12.5;
					};
					8B0F4A42264B1722006E6807 = {
						CreatedOnToolsVersion = 12.5;
						TestTargetID = 8B0F4A31264B1720006E6807;
					};
					8B0F4A4D264B1722006E6807 = {
						CreatedOnToolsVersion = 12.5;
						TestTargetID = 8B0F4A31264B1720006E6807;
					};
					8B0F4A56264B1722006E6807 = {
						CreatedOnToolsVersion = 12.5;
					};
					8B0F4A62264B1723006E6807 = {
						CreatedOnToolsVersion = 12.5;
					};
					8B0F4A7C264B1724006E6807 = {
						CreatedOnToolsVersion = 12.5;
						TestTargetID = 8B0F4A62264B1723006E6807;
					};
					8B0F4A87264B1724006E6807 = {
						CreatedOnToolsVersion = 12.5;
						TestTargetID = 8B0F4A56264B1722006E6807;
					};
				};
			};
			buildConfigurationList = 8B0F4A2D264B1720006E6807 /* Build configuration list for PBXProject "joes" */;
			compatibilityVersion = "Xcode 9.3";
			developmentRegion = en;
			hasScannedForEncodings = 0;
			knownRegions = (
				en,
				Base,
			);
			mainGroup = 8B0F4A29264B1720006E6807;
			packageReferences = (
				8BDD6395264BE63300249855 /* XCRemoteSwiftPackageReference "ReSwift" */,
				8BDD63A3264BE78B00249855 /* XCRemoteSwiftPackageReference "RxSwift" */,
			);
			productRefGroup = 8B0F4A33264B1720006E6807 /* Products */;
			projectDirPath = "";
			projectRoot = "";
			targets = (
				8B0F4A31264B1720006E6807 /* joes */,
				8B0F4A42264B1722006E6807 /* joesTests */,
				8B0F4A4D264B1722006E6807 /* joesUITests */,
				8B0F4A56264B1722006E6807 /* joes WatchKit App */,
				8B0F4A62264B1723006E6807 /* joes WatchKit Extension */,
				8B0F4A7C264B1724006E6807 /* joes WatchKit AppTests */,
				8B0F4A87264B1724006E6807 /* joes WatchKit AppUITests */,
			);
		};
/* End PBXProject section */

/* Begin PBXResourcesBuildPhase section */
		8B0F4A30264B1720006E6807 /* Resources */ = {
			isa = PBXResourcesBuildPhase;
			buildActionMask = 2147483647;
			files = (
				8B0F4A3D264B1722006E6807 /* Preview Assets.xcassets in Resources */,
				8B0F4A3A264B1722006E6807 /* Assets.xcassets in Resources */,
			);
			runOnlyForDeploymentPostprocessing = 0;
		};
		8B0F4A41264B1722006E6807 /* Resources */ = {
			isa = PBXResourcesBuildPhase;
			buildActionMask = 2147483647;
			files = (
			);
			runOnlyForDeploymentPostprocessing = 0;
		};
		8B0F4A4C264B1722006E6807 /* Resources */ = {
			isa = PBXResourcesBuildPhase;
			buildActionMask = 2147483647;
			files = (
			);
			runOnlyForDeploymentPostprocessing = 0;
		};
		8B0F4A55264B1722006E6807 /* Resources */ = {
			isa = PBXResourcesBuildPhase;
			buildActionMask = 2147483647;
			files = (
				8B0F4A5D264B1723006E6807 /* Assets.xcassets in Resources */,
			);
			runOnlyForDeploymentPostprocessing = 0;
		};
		8B0F4A61264B1723006E6807 /* Resources */ = {
			isa = PBXResourcesBuildPhase;
			buildActionMask = 2147483647;
			files = (
				8B0F4A76264B1724006E6807 /* Preview Assets.xcassets in Resources */,
				8B0F4A73264B1724006E6807 /* Assets.xcassets in Resources */,
			);
			runOnlyForDeploymentPostprocessing = 0;
		};
		8B0F4A7B264B1724006E6807 /* Resources */ = {
			isa = PBXResourcesBuildPhase;
			buildActionMask = 2147483647;
			files = (
			);
			runOnlyForDeploymentPostprocessing = 0;
		};
		8B0F4A86264B1724006E6807 /* Resources */ = {
			isa = PBXResourcesBuildPhase;
			buildActionMask = 2147483647;
			files = (
			);
			runOnlyForDeploymentPostprocessing = 0;
		};
/* End PBXResourcesBuildPhase section */

/* Begin PBXSourcesBuildPhase section */
		8B0F4A2E264B1720006E6807 /* Sources */ = {
			isa = PBXSourcesBuildPhase;
			buildActionMask = 2147483647;
			files = (
				8B0F4A38264B1720006E6807 /* ContentView.swift in Sources */,
				8BDD63D1264D264000249855 /* LocationReducer.swift in Sources */,
				8BDD63CB264D238300249855 /* LocationState.swift in Sources */,
				8BDD63BC264D01AC00249855 /* AppActions.swift in Sources */,
				8BDD63B5264D000D00249855 /* AppState.swift in Sources */,
				8BDD63AF264C41DD00249855 /* SettingsView.swift in Sources */,
				8BDD63B1264C4D0700249855 /* DataView.swift in Sources */,
				8BDD63CD264D256500249855 /* LocationActions.swift in Sources */,
				8BDD63AD264C413300249855 /* MapView.swift in Sources */,
				8BDD63B9264D016200249855 /* AppReducer.swift in Sources */,
				8B0F4A36264B1720006E6807 /* joesApp.swift in Sources */,
				8BDD63C2264D0BC400249855 /* Coordinator.swift in Sources */,
			);
			runOnlyForDeploymentPostprocessing = 0;
		};
		8B0F4A3F264B1722006E6807 /* Sources */ = {
			isa = PBXSourcesBuildPhase;
			buildActionMask = 2147483647;
			files = (
				8B0F4A48264B1722006E6807 /* joesTests.swift in Sources */,
			);
			runOnlyForDeploymentPostprocessing = 0;
		};
		8B0F4A4A264B1722006E6807 /* Sources */ = {
			isa = PBXSourcesBuildPhase;
			buildActionMask = 2147483647;
			files = (
				8B0F4A53264B1722006E6807 /* joesUITests.swift in Sources */,
			);
			runOnlyForDeploymentPostprocessing = 0;
		};
		8B0F4A5F264B1723006E6807 /* Sources */ = {
			isa = PBXSourcesBuildPhase;
			buildActionMask = 2147483647;
			files = (
				8B0F4A6D264B1723006E6807 /* NotificationController.swift in Sources */,
				8B0F4A6B264B1723006E6807 /* ContentView.swift in Sources */,
				8B0F4A71264B1723006E6807 /* ComplicationController.swift in Sources */,
				8B0F4A69264B1723006E6807 /* joesApp.swift in Sources */,
				8B0F4A6F264B1723006E6807 /* NotificationView.swift in Sources */,
			);
			runOnlyForDeploymentPostprocessing = 0;
		};
		8B0F4A79264B1724006E6807 /* Sources */ = {
			isa = PBXSourcesBuildPhase;
			buildActionMask = 2147483647;
			files = (
				8B0F4A82264B1724006E6807 /* joes_WatchKit_AppTests.swift in Sources */,
			);
			runOnlyForDeploymentPostprocessing = 0;
		};
		8B0F4A84264B1724006E6807 /* Sources */ = {
			isa = PBXSourcesBuildPhase;
			buildActionMask = 2147483647;
			files = (
				8B0F4A8D264B1724006E6807 /* joes_WatchKit_AppUITests.swift in Sources */,
			);
			runOnlyForDeploymentPostprocessing = 0;
		};
/* End PBXSourcesBuildPhase section */

/* Begin PBXTargetDependency section */
		8B0F4A45264B1722006E6807 /* PBXTargetDependency */ = {
			isa = PBXTargetDependency;
			target = 8B0F4A31264B1720006E6807 /* joes */;
			targetProxy = 8B0F4A44264B1722006E6807 /* PBXContainerItemProxy */;
		};
		8B0F4A50264B1722006E6807 /* PBXTargetDependency */ = {
			isa = PBXTargetDependency;
			target = 8B0F4A31264B1720006E6807 /* joes */;
			targetProxy = 8B0F4A4F264B1722006E6807 /* PBXContainerItemProxy */;
		};
		8B0F4A5A264B1722006E6807 /* PBXTargetDependency */ = {
			isa = PBXTargetDependency;
			target = 8B0F4A56264B1722006E6807 /* joes WatchKit App */;
			targetProxy = 8B0F4A59264B1722006E6807 /* PBXContainerItemProxy */;
		};
		8B0F4A66264B1723006E6807 /* PBXTargetDependency */ = {
			isa = PBXTargetDependency;
			target = 8B0F4A62264B1723006E6807 /* joes WatchKit Extension */;
			targetProxy = 8B0F4A65264B1723006E6807 /* PBXContainerItemProxy */;
		};
		8B0F4A7F264B1724006E6807 /* PBXTargetDependency */ = {
			isa = PBXTargetDependency;
			target = 8B0F4A62264B1723006E6807 /* joes WatchKit Extension */;
			targetProxy = 8B0F4A7E264B1724006E6807 /* PBXContainerItemProxy */;
		};
		8B0F4A8A264B1724006E6807 /* PBXTargetDependency */ = {
			isa = PBXTargetDependency;
			target = 8B0F4A56264B1722006E6807 /* joes WatchKit App */;
			targetProxy = 8B0F4A89264B1724006E6807 /* PBXContainerItemProxy */;
		};
/* End PBXTargetDependency section */

/* Begin XCBuildConfiguration section */
		8B0F4A8F264B1724006E6807 /* Debug */ = {
			isa = XCBuildConfiguration;
			buildSettings = {
				ALWAYS_SEARCH_USER_PATHS = NO;
				CLANG_ANALYZER_NONNULL = YES;
				CLANG_ANALYZER_NUMBER_OBJECT_CONVERSION = YES_AGGRESSIVE;
				CLANG_CXX_LANGUAGE_STANDARD = "gnu++14";
				CLANG_CXX_LIBRARY = "libc++";
				CLANG_ENABLE_MODULES = YES;
				CLANG_ENABLE_OBJC_ARC = YES;
				CLANG_ENABLE_OBJC_WEAK = YES;
				CLANG_WARN_BLOCK_CAPTURE_AUTORELEASING = YES;
				CLANG_WARN_BOOL_CONVERSION = YES;
				CLANG_WARN_COMMA = YES;
				CLANG_WARN_CONSTANT_CONVERSION = YES;
				CLANG_WARN_DEPRECATED_OBJC_IMPLEMENTATIONS = YES;
				CLANG_WARN_DIRECT_OBJC_ISA_USAGE = YES_ERROR;
				CLANG_WARN_DOCUMENTATION_COMMENTS = YES;
				CLANG_WARN_EMPTY_BODY = YES;
				CLANG_WARN_ENUM_CONVERSION = YES;
				CLANG_WARN_INFINITE_RECURSION = YES;
				CLANG_WARN_INT_CONVERSION = YES;
				CLANG_WARN_NON_LITERAL_NULL_CONVERSION = YES;
				CLANG_WARN_OBJC_IMPLICIT_RETAIN_SELF = YES;
				CLANG_WARN_OBJC_LITERAL_CONVERSION = YES;
				CLANG_WARN_OBJC_ROOT_CLASS = YES_ERROR;
				CLANG_WARN_QUOTED_INCLUDE_IN_FRAMEWORK_HEADER = YES;
				CLANG_WARN_RANGE_LOOP_ANALYSIS = YES;
				CLANG_WARN_STRICT_PROTOTYPES = YES;
				CLANG_WARN_SUSPICIOUS_MOVE = YES;
				CLANG_WARN_UNGUARDED_AVAILABILITY = YES_AGGRESSIVE;
				CLANG_WARN_UNREACHABLE_CODE = YES;
				CLANG_WARN__DUPLICATE_METHOD_MATCH = YES;
				CODE_SIGN_IDENTITY = "Apple Development";
				COPY_PHASE_STRIP = NO;
				DEBUG_INFORMATION_FORMAT = dwarf;
				DEVELOPMENT_TEAM = KX95WW6S4G;
				ENABLE_STRICT_OBJC_MSGSEND = YES;
				ENABLE_TESTABILITY = YES;
				GCC_C_LANGUAGE_STANDARD = gnu11;
				GCC_DYNAMIC_NO_PIC = NO;
				GCC_NO_COMMON_BLOCKS = YES;
				GCC_OPTIMIZATION_LEVEL = 0;
				GCC_PREPROCESSOR_DEFINITIONS = (
					"DEBUG=1",
					"$(inherited)",
				);
				GCC_WARN_64_TO_32_BIT_CONVERSION = YES;
				GCC_WARN_ABOUT_RETURN_TYPE = YES_ERROR;
				GCC_WARN_UNDECLARED_SELECTOR = YES;
				GCC_WARN_UNINITIALIZED_AUTOS = YES_AGGRESSIVE;
				GCC_WARN_UNUSED_FUNCTION = YES;
				GCC_WARN_UNUSED_VARIABLE = YES;
				IPHONEOS_DEPLOYMENT_TARGET = 14.5;
				MTL_ENABLE_DEBUG_INFO = INCLUDE_SOURCE;
				MTL_FAST_MATH = YES;
				ONLY_ACTIVE_ARCH = YES;
				SWIFT_ACTIVE_COMPILATION_CONDITIONS = DEBUG;
				SWIFT_OPTIMIZATION_LEVEL = "-Onone";
				TARGETED_DEVICE_FAMILY = "";
				WATCHOS_DEPLOYMENT_TARGET = 7.4;
			};
			name = Debug;
		};
		8B0F4A90264B1724006E6807 /* Release */ = {
			isa = XCBuildConfiguration;
			buildSettings = {
				ALWAYS_SEARCH_USER_PATHS = NO;
				CLANG_ANALYZER_NONNULL = YES;
				CLANG_ANALYZER_NUMBER_OBJECT_CONVERSION = YES_AGGRESSIVE;
				CLANG_CXX_LANGUAGE_STANDARD = "gnu++14";
				CLANG_CXX_LIBRARY = "libc++";
				CLANG_ENABLE_MODULES = YES;
				CLANG_ENABLE_OBJC_ARC = YES;
				CLANG_ENABLE_OBJC_WEAK = YES;
				CLANG_WARN_BLOCK_CAPTURE_AUTORELEASING = YES;
				CLANG_WARN_BOOL_CONVERSION = YES;
				CLANG_WARN_COMMA = YES;
				CLANG_WARN_CONSTANT_CONVERSION = YES;
				CLANG_WARN_DEPRECATED_OBJC_IMPLEMENTATIONS = YES;
				CLANG_WARN_DIRECT_OBJC_ISA_USAGE = YES_ERROR;
				CLANG_WARN_DOCUMENTATION_COMMENTS = YES;
				CLANG_WARN_EMPTY_BODY = YES;
				CLANG_WARN_ENUM_CONVERSION = YES;
				CLANG_WARN_INFINITE_RECURSION = YES;
				CLANG_WARN_INT_CONVERSION = YES;
				CLANG_WARN_NON_LITERAL_NULL_CONVERSION = YES;
				CLANG_WARN_OBJC_IMPLICIT_RETAIN_SELF = YES;
				CLANG_WARN_OBJC_LITERAL_CONVERSION = YES;
				CLANG_WARN_OBJC_ROOT_CLASS = YES_ERROR;
				CLANG_WARN_QUOTED_INCLUDE_IN_FRAMEWORK_HEADER = YES;
				CLANG_WARN_RANGE_LOOP_ANALYSIS = YES;
				CLANG_WARN_STRICT_PROTOTYPES = YES;
				CLANG_WARN_SUSPICIOUS_MOVE = YES;
				CLANG_WARN_UNGUARDED_AVAILABILITY = YES_AGGRESSIVE;
				CLANG_WARN_UNREACHABLE_CODE = YES;
				CLANG_WARN__DUPLICATE_METHOD_MATCH = YES;
				CODE_SIGN_IDENTITY = "Apple Development";
				COPY_PHASE_STRIP = NO;
				DEBUG_INFORMATION_FORMAT = "dwarf-with-dsym";
				DEVELOPMENT_TEAM = KX95WW6S4G;
				ENABLE_NS_ASSERTIONS = NO;
				ENABLE_STRICT_OBJC_MSGSEND = YES;
				GCC_C_LANGUAGE_STANDARD = gnu11;
				GCC_NO_COMMON_BLOCKS = YES;
				GCC_WARN_64_TO_32_BIT_CONVERSION = YES;
				GCC_WARN_ABOUT_RETURN_TYPE = YES_ERROR;
				GCC_WARN_UNDECLARED_SELECTOR = YES;
				GCC_WARN_UNINITIALIZED_AUTOS = YES_AGGRESSIVE;
				GCC_WARN_UNUSED_FUNCTION = YES;
				GCC_WARN_UNUSED_VARIABLE = YES;
				IPHONEOS_DEPLOYMENT_TARGET = 14.5;
				MTL_ENABLE_DEBUG_INFO = NO;
				MTL_FAST_MATH = YES;
				SWIFT_COMPILATION_MODE = wholemodule;
				SWIFT_OPTIMIZATION_LEVEL = "-O";
				TARGETED_DEVICE_FAMILY = "";
				WATCHOS_DEPLOYMENT_TARGET = 7.4;
			};
			name = Release;
		};
		8B0F4A92264B1724006E6807 /* Debug */ = {
			isa = XCBuildConfiguration;
			buildSettings = {
				ASSETCATALOG_COMPILER_COMPLICATION_NAME = Complication;
				DEVELOPMENT_ASSET_PATHS = "\"joes WatchKit Extension/Preview Content\"";
				ENABLE_PREVIEWS = YES;
				INFOPLIST_FILE = "joes WatchKit Extension/Info.plist";
				LD_RUNPATH_SEARCH_PATHS = (
					"$(inherited)",
					"@executable_path/Frameworks",
					"@executable_path/../../Frameworks",
				);
				PRODUCT_BUNDLE_IDENTIFIER = com.korczis.joes.watchkitapp.watchkitextension;
				PRODUCT_NAME = "${TARGET_NAME}";
				SDKROOT = watchos;
				SKIP_INSTALL = YES;
				SWIFT_VERSION = 5.0;
				TARGETED_DEVICE_FAMILY = 4;
				WATCHOS_DEPLOYMENT_TARGET = 7.4;
			};
			name = Debug;
		};
		8B0F4A93264B1724006E6807 /* Release */ = {
			isa = XCBuildConfiguration;
			buildSettings = {
				ASSETCATALOG_COMPILER_COMPLICATION_NAME = Complication;
				DEVELOPMENT_ASSET_PATHS = "\"joes WatchKit Extension/Preview Content\"";
				ENABLE_PREVIEWS = YES;
				INFOPLIST_FILE = "joes WatchKit Extension/Info.plist";
				LD_RUNPATH_SEARCH_PATHS = (
					"$(inherited)",
					"@executable_path/Frameworks",
					"@executable_path/../../Frameworks",
				);
				PRODUCT_BUNDLE_IDENTIFIER = com.korczis.joes.watchkitapp.watchkitextension;
				PRODUCT_NAME = "${TARGET_NAME}";
				SDKROOT = watchos;
				SKIP_INSTALL = YES;
				SWIFT_VERSION = 5.0;
				TARGETED_DEVICE_FAMILY = 4;
				VALIDATE_PRODUCT = YES;
				WATCHOS_DEPLOYMENT_TARGET = 7.4;
			};
			name = Release;
		};
		8B0F4A96264B1724006E6807 /* Debug */ = {
			isa = XCBuildConfiguration;
			buildSettings = {
				ALWAYS_EMBED_SWIFT_STANDARD_LIBRARIES = YES;
				ASSETCATALOG_COMPILER_APPICON_NAME = AppIcon;
				ASSETCATALOG_COMPILER_GLOBAL_ACCENT_COLOR_NAME = AccentColor;
				IBSC_MODULE = joes_WatchKit_Extension;
				INFOPLIST_FILE = "joes WatchKit App/Info.plist";
				PRODUCT_BUNDLE_IDENTIFIER = com.korczis.joes.watchkitapp;
				PRODUCT_NAME = "$(TARGET_NAME)";
				SDKROOT = watchos;
				SKIP_INSTALL = YES;
				SWIFT_VERSION = 5.0;
				TARGETED_DEVICE_FAMILY = 4;
				WATCHOS_DEPLOYMENT_TARGET = 7.4;
			};
			name = Debug;
		};
		8B0F4A97264B1724006E6807 /* Release */ = {
			isa = XCBuildConfiguration;
			buildSettings = {
				ALWAYS_EMBED_SWIFT_STANDARD_LIBRARIES = YES;
				ASSETCATALOG_COMPILER_APPICON_NAME = AppIcon;
				ASSETCATALOG_COMPILER_GLOBAL_ACCENT_COLOR_NAME = AccentColor;
				IBSC_MODULE = joes_WatchKit_Extension;
				INFOPLIST_FILE = "joes WatchKit App/Info.plist";
				PRODUCT_BUNDLE_IDENTIFIER = com.korczis.joes.watchkitapp;
				PRODUCT_NAME = "$(TARGET_NAME)";
				SDKROOT = watchos;
				SKIP_INSTALL = YES;
				SWIFT_VERSION = 5.0;
				TARGETED_DEVICE_FAMILY = 4;
				VALIDATE_PRODUCT = YES;
				WATCHOS_DEPLOYMENT_TARGET = 7.4;
			};
			name = Release;
		};
		8B0F4A9A264B1724006E6807 /* Debug */ = {
			isa = XCBuildConfiguration;
			buildSettings = {
				ASSETCATALOG_COMPILER_APPICON_NAME = AppIcon;
				ASSETCATALOG_COMPILER_GLOBAL_ACCENT_COLOR_NAME = AccentColor;
				DEVELOPMENT_ASSET_PATHS = "\"joes/Preview Content\"";
				ENABLE_PREVIEWS = YES;
				INFOPLIST_FILE = joes/Info.plist;
				IPHONEOS_DEPLOYMENT_TARGET = 14.5;
				LD_RUNPATH_SEARCH_PATHS = (
					"$(inherited)",
					"@executable_path/Frameworks",
				);
				PRODUCT_BUNDLE_IDENTIFIER = com.korczis.joes;
				PRODUCT_NAME = "$(TARGET_NAME)";
				SDKROOT = iphoneos;
				SWIFT_VERSION = 5.0;
				TARGETED_DEVICE_FAMILY = "1,2";
			};
			name = Debug;
		};
		8B0F4A9B264B1724006E6807 /* Release */ = {
			isa = XCBuildConfiguration;
			buildSettings = {
				ASSETCATALOG_COMPILER_APPICON_NAME = AppIcon;
				ASSETCATALOG_COMPILER_GLOBAL_ACCENT_COLOR_NAME = AccentColor;
				DEVELOPMENT_ASSET_PATHS = "\"joes/Preview Content\"";
				ENABLE_PREVIEWS = YES;
				INFOPLIST_FILE = joes/Info.plist;
				IPHONEOS_DEPLOYMENT_TARGET = 14.5;
				LD_RUNPATH_SEARCH_PATHS = (
					"$(inherited)",
					"@executable_path/Frameworks",
				);
				PRODUCT_BUNDLE_IDENTIFIER = com.korczis.joes;
				PRODUCT_NAME = "$(TARGET_NAME)";
				SDKROOT = iphoneos;
				SWIFT_VERSION = 5.0;
				TARGETED_DEVICE_FAMILY = "1,2";
				VALIDATE_PRODUCT = YES;
			};
			name = Release;
		};
		8B0F4A9D264B1724006E6807 /* Debug */ = {
			isa = XCBuildConfiguration;
			buildSettings = {
				ALWAYS_EMBED_SWIFT_STANDARD_LIBRARIES = YES;
				BUNDLE_LOADER = "$(TEST_HOST)";
				INFOPLIST_FILE = joesTests/Info.plist;
				IPHONEOS_DEPLOYMENT_TARGET = 14.5;
				LD_RUNPATH_SEARCH_PATHS = (
					"$(inherited)",
					"@executable_path/Frameworks",
					"@loader_path/Frameworks",
				);
				PRODUCT_BUNDLE_IDENTIFIER = com.korczis.joesTests;
				PRODUCT_NAME = "$(TARGET_NAME)";
				SDKROOT = iphoneos;
				SWIFT_VERSION = 5.0;
				TARGETED_DEVICE_FAMILY = "1,2";
				TEST_HOST = "$(BUILT_PRODUCTS_DIR)/joes.app/joes";
			};
			name = Debug;
		};
		8B0F4A9E264B1724006E6807 /* Release */ = {
			isa = XCBuildConfiguration;
			buildSettings = {
				ALWAYS_EMBED_SWIFT_STANDARD_LIBRARIES = YES;
				BUNDLE_LOADER = "$(TEST_HOST)";
				INFOPLIST_FILE = joesTests/Info.plist;
				IPHONEOS_DEPLOYMENT_TARGET = 14.5;
				LD_RUNPATH_SEARCH_PATHS = (
					"$(inherited)",
					"@executable_path/Frameworks",
					"@loader_path/Frameworks",
				);
				PRODUCT_BUNDLE_IDENTIFIER = com.korczis.joesTests;
				PRODUCT_NAME = "$(TARGET_NAME)";
				SDKROOT = iphoneos;
				SWIFT_VERSION = 5.0;
				TARGETED_DEVICE_FAMILY = "1,2";
				TEST_HOST = "$(BUILT_PRODUCTS_DIR)/joes.app/joes";
				VALIDATE_PRODUCT = YES;
			};
			name = Release;
		};
		8B0F4AA0264B1724006E6807 /* Debug */ = {
			isa = XCBuildConfiguration;
			buildSettings = {
				ALWAYS_EMBED_SWIFT_STANDARD_LIBRARIES = YES;
				INFOPLIST_FILE = joesUITests/Info.plist;
				IPHONEOS_DEPLOYMENT_TARGET = 14.5;
				LD_RUNPATH_SEARCH_PATHS = (
					"$(inherited)",
					"@executable_path/Frameworks",
					"@loader_path/Frameworks",
				);
				PRODUCT_BUNDLE_IDENTIFIER = com.korczis.joesUITests;
				PRODUCT_NAME = "$(TARGET_NAME)";
				SDKROOT = iphoneos;
				SWIFT_VERSION = 5.0;
				TARGETED_DEVICE_FAMILY = "1,2";
				TEST_TARGET_NAME = joes;
			};
			name = Debug;
		};
		8B0F4AA1264B1724006E6807 /* Release */ = {
			isa = XCBuildConfiguration;
			buildSettings = {
				ALWAYS_EMBED_SWIFT_STANDARD_LIBRARIES = YES;
				INFOPLIST_FILE = joesUITests/Info.plist;
				IPHONEOS_DEPLOYMENT_TARGET = 14.5;
				LD_RUNPATH_SEARCH_PATHS = (
					"$(inherited)",
					"@executable_path/Frameworks",
					"@loader_path/Frameworks",
				);
				PRODUCT_BUNDLE_IDENTIFIER = com.korczis.joesUITests;
				PRODUCT_NAME = "$(TARGET_NAME)";
				SDKROOT = iphoneos;
				SWIFT_VERSION = 5.0;
				TARGETED_DEVICE_FAMILY = "1,2";
				TEST_TARGET_NAME = joes;
				VALIDATE_PRODUCT = YES;
			};
			name = Release;
		};
		8B0F4AA3264B1724006E6807 /* Debug */ = {
			isa = XCBuildConfiguration;
			buildSettings = {
				ALWAYS_EMBED_SWIFT_STANDARD_LIBRARIES = YES;
				BUNDLE_LOADER = "$(TEST_HOST)";
				INFOPLIST_FILE = "joes WatchKit AppTests/Info.plist";
				LD_RUNPATH_SEARCH_PATHS = (
					"$(inherited)",
					"@executable_path/Frameworks",
					"@loader_path/Frameworks",
				);
				PRODUCT_BUNDLE_IDENTIFIER = "com.korczis.joes-WatchKit-AppTests";
				PRODUCT_NAME = "$(TARGET_NAME)";
				SDKROOT = watchos;
				SWIFT_VERSION = 5.0;
				TARGETED_DEVICE_FAMILY = 4;
				TEST_HOST = "$(BUILT_PRODUCTS_DIR)/joes WatchKit Extension.appex/joes WatchKit Extension";
				WATCHOS_DEPLOYMENT_TARGET = 7.4;
			};
			name = Debug;
		};
		8B0F4AA4264B1724006E6807 /* Release */ = {
			isa = XCBuildConfiguration;
			buildSettings = {
				ALWAYS_EMBED_SWIFT_STANDARD_LIBRARIES = YES;
				BUNDLE_LOADER = "$(TEST_HOST)";
				INFOPLIST_FILE = "joes WatchKit AppTests/Info.plist";
				LD_RUNPATH_SEARCH_PATHS = (
					"$(inherited)",
					"@executable_path/Frameworks",
					"@loader_path/Frameworks",
				);
				PRODUCT_BUNDLE_IDENTIFIER = "com.korczis.joes-WatchKit-AppTests";
				PRODUCT_NAME = "$(TARGET_NAME)";
				SDKROOT = watchos;
				SWIFT_VERSION = 5.0;
				TARGETED_DEVICE_FAMILY = 4;
				TEST_HOST = "$(BUILT_PRODUCTS_DIR)/joes WatchKit Extension.appex/joes WatchKit Extension";
				VALIDATE_PRODUCT = YES;
				WATCHOS_DEPLOYMENT_TARGET = 7.4;
			};
			name = Release;
		};
		8B0F4AA6264B1724006E6807 /* Debug */ = {
			isa = XCBuildConfiguration;
			buildSettings = {
				INFOPLIST_FILE = "joes WatchKit AppUITests/Info.plist";
				LD_RUNPATH_SEARCH_PATHS = (
					"$(inherited)",
					"@executable_path/Frameworks",
					"@loader_path/Frameworks",
				);
				PRODUCT_BUNDLE_IDENTIFIER = "com.korczis.joes-WatchKit-AppUITests";
				PRODUCT_NAME = "$(TARGET_NAME)";
				SDKROOT = watchos;
				SWIFT_VERSION = 5.0;
				TARGETED_DEVICE_FAMILY = 4;
				TEST_TARGET_NAME = "joes WatchKit App";
				WATCHOS_DEPLOYMENT_TARGET = 7.4;
			};
			name = Debug;
		};
		8B0F4AA7264B1724006E6807 /* Release */ = {
			isa = XCBuildConfiguration;
			buildSettings = {
				INFOPLIST_FILE = "joes WatchKit AppUITests/Info.plist";
				LD_RUNPATH_SEARCH_PATHS = (
					"$(inherited)",
					"@executable_path/Frameworks",
					"@loader_path/Frameworks",
				);
				PRODUCT_BUNDLE_IDENTIFIER = "com.korczis.joes-WatchKit-AppUITests";
				PRODUCT_NAME = "$(TARGET_NAME)";
				SDKROOT = watchos;
				SWIFT_VERSION = 5.0;
				TARGETED_DEVICE_FAMILY = 4;
				TEST_TARGET_NAME = "joes WatchKit App";
				VALIDATE_PRODUCT = YES;
				WATCHOS_DEPLOYMENT_TARGET = 7.4;
			};
			name = Release;
		};
/* End XCBuildConfiguration section */

/* Begin XCConfigurationList section */
		8B0F4A2D264B1720006E6807 /* Build configuration list for PBXProject "joes" */ = {
			isa = XCConfigurationList;
			buildConfigurations = (
				8B0F4A8F264B1724006E6807 /* Debug */,
				8B0F4A90264B1724006E6807 /* Release */,
			);
			defaultConfigurationIsVisible = 0;
			defaultConfigurationName = Release;
		};
		8B0F4A91264B1724006E6807 /* Build configuration list for PBXNativeTarget "joes WatchKit Extension" */ = {
			isa = XCConfigurationList;
			buildConfigurations = (
				8B0F4A92264B1724006E6807 /* Debug */,
				8B0F4A93264B1724006E6807 /* Release */,
			);
			defaultConfigurationIsVisible = 0;
			defaultConfigurationName = Release;
		};
		8B0F4A95264B1724006E6807 /* Build configuration list for PBXNativeTarget "joes WatchKit App" */ = {
			isa = XCConfigurationList;
			buildConfigurations = (
				8B0F4A96264B1724006E6807 /* Debug */,
				8B0F4A97264B1724006E6807 /* Release */,
			);
			defaultConfigurationIsVisible = 0;
			defaultConfigurationName = Release;
		};
		8B0F4A99264B1724006E6807 /* Build configuration list for PBXNativeTarget "joes" */ = {
			isa = XCConfigurationList;
			buildConfigurations = (
				8B0F4A9A264B1724006E6807 /* Debug */,
				8B0F4A9B264B1724006E6807 /* Release */,
			);
			defaultConfigurationIsVisible = 0;
			defaultConfigurationName = Release;
		};
		8B0F4A9C264B1724006E6807 /* Build configuration list for PBXNativeTarget "joesTests" */ = {
			isa = XCConfigurationList;
			buildConfigurations = (
				8B0F4A9D264B1724006E6807 /* Debug */,
				8B0F4A9E264B1724006E6807 /* Release */,
			);
			defaultConfigurationIsVisible = 0;
			defaultConfigurationName = Release;
		};
		8B0F4A9F264B1724006E6807 /* Build configuration list for PBXNativeTarget "joesUITests" */ = {
			isa = XCConfigurationList;
			buildConfigurations = (
				8B0F4AA0264B1724006E6807 /* Debug */,
				8B0F4AA1264B1724006E6807 /* Release */,
			);
			defaultConfigurationIsVisible = 0;
			defaultConfigurationName = Release;
		};
		8B0F4AA2264B1724006E6807 /* Build configuration list for PBXNativeTarget "joes WatchKit AppTests" */ = {
			isa = XCConfigurationList;
			buildConfigurations = (
				8B0F4AA3264B1724006E6807 /* Debug */,
				8B0F4AA4264B1724006E6807 /* Release */,
			);
			defaultConfigurationIsVisible = 0;
			defaultConfigurationName = Release;
		};
		8B0F4AA5264B1724006E6807 /* Build configuration list for PBXNativeTarget "joes WatchKit AppUITests" */ = {
			isa = XCConfigurationList;
			buildConfigurations = (
				8B0F4AA6264B1724006E6807 /* Debug */,
				8B0F4AA7264B1724006E6807 /* Release */,
			);
			defaultConfigurationIsVisible = 0;
			defaultConfigurationName = Release;
		};
/* End XCConfigurationList section */

/* Begin XCRemoteSwiftPackageReference section */
		8BDD6395264BE63300249855 /* XCRemoteSwiftPackageReference "ReSwift" */ = {
			isa = XCRemoteSwiftPackageReference;
			repositoryURL = "git@github.com:ReSwift/ReSwift.git";
			requirement = {
				kind = upToNextMajorVersion;
				minimumVersion = 6.1.0;
			};
		};
		8BDD63A3264BE78B00249855 /* XCRemoteSwiftPackageReference "RxSwift" */ = {
			isa = XCRemoteSwiftPackageReference;
			repositoryURL = "git@github.com:ReactiveX/RxSwift.git";
			requirement = {
				kind = upToNextMajorVersion;
				minimumVersion = 6.2.0;
			};
		};
/* End XCRemoteSwiftPackageReference section */

/* Begin XCSwiftPackageProductDependency section */
		8BDD6396264BE63300249855 /* ReSwift */ = {
			isa = XCSwiftPackageProductDependency;
			package = 8BDD6395264BE63300249855 /* XCRemoteSwiftPackageReference "ReSwift" */;
			productName = ReSwift;
		};
		8BDD63A4264BE78B00249855 /* RxSwift */ = {
			isa = XCSwiftPackageProductDependency;
			package = 8BDD63A3264BE78B00249855 /* XCRemoteSwiftPackageReference "RxSwift" */;
			productName = RxSwift;
		};
		8BDD63A6264BE78B00249855 /* RxRelay */ = {
			isa = XCSwiftPackageProductDependency;
			package = 8BDD63A3264BE78B00249855 /* XCRemoteSwiftPackageReference "RxSwift" */;
			productName = RxRelay;
		};
		8BDD63A8264BE78B00249855 /* RxCocoa */ = {
			isa = XCSwiftPackageProductDependency;
			package = 8BDD63A3264BE78B00249855 /* XCRemoteSwiftPackageReference "RxSwift" */;
			productName = RxCocoa;
		};
		8BDD63AA264BE78B00249855 /* RxBlocking */ = {
			isa = XCSwiftPackageProductDependency;
			package = 8BDD63A3264BE78B00249855 /* XCRemoteSwiftPackageReference "RxSwift" */;
			productName = RxBlocking;
		};
/* End XCSwiftPackageProductDependency section */
	};
	rootObject = 8B0F4A2A264B1720006E6807 /* Project object */;
}
